
Microsoft Visual Studio Solution File, Format Version 12.00
# Visual Studio Version 17
VisualStudioVersion = 17.11.35219.272
MinimumVisualStudioVersion = 10.0.40219.1
Project("{FAE04EC0-301F-11D3-BF4B-00C04F79EFBC}") = "Fermat", "Fermat.csproj", "{A132F7A4-403E-4679-A286-4172D85B7AD2}"
EndProject
Global
	GlobalSection(SolutionConfigurationPlatforms) = preSolution
		Debug|Any CPU = Debug|Any CPU
		Release|Any CPU = Release|Any CPU
	EndGlobalSection
	GlobalSection(ProjectConfigurationPlatforms) = postSolution
		{A132F7A4-403E-4679-A286-4172D85B7AD2}.Debug|Any CPU.ActiveCfg = Debug|Any CPU
		{A132F7A4-403E-4679-A286-4172D85B7AD2}.Debug|Any CPU.Build.0 = Debug|Any CPU
		{A132F7A4-403E-4679-A286-4172D85B7AD2}.Release|Any CPU.ActiveCfg = Release|Any CPU
		{A132F7A4-403E-4679-A286-4172D85B7AD2}.Release|Any CPU.Build.0 = Release|Any CPU
	EndGlobalSection
	GlobalSection(SolutionProperties) = preSolution
		HideSolutionNode = FALSE
	EndGlobalSection
	GlobalSection(ExtensibilityGlobals) = postSolution
		SolutionGuid = {FFAE7324-DF14-4C84-B3FB-6861AC34F3BA}
	EndGlobalSection
EndGlobal
